// !$*UTF8*$!
{
	archiveVersion = 1;
	classes = {
	};
	objectVersion = 46;
	objects = {

/* Begin PBXBuildFile section */
		09006B63172CC8FF00868B29 /* GlympseKitLite.framework in Frameworks */ = {isa = PBXBuildFile; fileRef = 09006B60172CC8FF00868B29 /* GlympseKitLite.framework */; };
		0971E9A8172C5B5B000F1672 /* MapKit.framework in Frameworks */ = {isa = PBXBuildFile; fileRef = 0971E9A7172C5B5B000F1672 /* MapKit.framework */; };
		0971E9AB172C6107000F1672 /* ListingsViewController.m in Sources */ = {isa = PBXBuildFile; fileRef = 0971E9AA172C6107000F1672 /* ListingsViewController.m */; };
		0971E9AD172C6F3E000F1672 /* CoreLocation.framework in Frameworks */ = {isa = PBXBuildFile; fileRef = 0971E9AC172C6F3D000F1672 /* CoreLocation.framework */; };
		0971E9B5172C7299000F1672 /* JPSThumbnailAnnotation.m in Sources */ = {isa = PBXBuildFile; fileRef = 0971E9B1172C7299000F1672 /* JPSThumbnailAnnotation.m */; };
		0971E9B6172C7299000F1672 /* JPSThumbnailAnnotationView.m in Sources */ = {isa = PBXBuildFile; fileRef = 0971E9B3172C7299000F1672 /* JPSThumbnailAnnotationView.m */; };
		0971E9B7172C7299000F1672 /* JPSThumnail.m in Sources */ = {isa = PBXBuildFile; fileRef = 0971E9B4172C7299000F1672 /* JPSThumnail.m */; };
		0984A6AF172C4D68007DE898 /* Storyboard.storyboard in Resources */ = {isa = PBXBuildFile; fileRef = 0984A6AE172C4D68007DE898 /* Storyboard.storyboard */; };
		0984A6B2172C4DE9007DE898 /* CameraViewController.m in Sources */ = {isa = PBXBuildFile; fileRef = 0984A6B1172C4DE9007DE898 /* CameraViewController.m */; };
		0984A6B6172C4FB9007DE898 /* AVFoundation.framework in Frameworks */ = {isa = PBXBuildFile; fileRef = 0984A6B5172C4FB9007DE898 /* AVFoundation.framework */; };
		0984A6B8172C4FCF007DE898 /* CoreMedia.framework in Frameworks */ = {isa = PBXBuildFile; fileRef = 0984A6B7172C4FCF007DE898 /* CoreMedia.framework */; };
		0984A6BA172C4FD8007DE898 /* ImageIO.framework in Frameworks */ = {isa = PBXBuildFile; fileRef = 0984A6B9172C4FD8007DE898 /* ImageIO.framework */; };
		0984A6BC172C4FE6007DE898 /* CFNetwork.framework in Frameworks */ = {isa = PBXBuildFile; fileRef = 0984A6BB172C4FE6007DE898 /* CFNetwork.framework */; };
		0984A6BE172C5005007DE898 /* AssetsLibrary.framework in Frameworks */ = {isa = PBXBuildFile; fileRef = 0984A6BD172C5005007DE898 /* AssetsLibrary.framework */; };
		0984A6C0172C5010007DE898 /* QuartzCore.framework in Frameworks */ = {isa = PBXBuildFile; fileRef = 0984A6BF172C5010007DE898 /* QuartzCore.framework */; };
		09F74E8F172C809C00DE249C /* ListingDetailsViewController.m in Sources */ = {isa = PBXBuildFile; fileRef = 09F74E8E172C809C00DE249C /* ListingDetailsViewController.m */; };
		09F74E93172C89E600DE249C /* Cuprum-Bold.ttf in Resources */ = {isa = PBXBuildFile; fileRef = 09F74E91172C89E600DE249C /* Cuprum-Bold.ttf */; };
		09F74E94172C89E600DE249C /* Cuprum-Regular.ttf in Resources */ = {isa = PBXBuildFile; fileRef = 09F74E92172C89E600DE249C /* Cuprum-Regular.ttf */; };
		09F74E97172CA02600DE249C /* LoginViewController.m in Sources */ = {isa = PBXBuildFile; fileRef = 09F74E96172CA02600DE249C /* LoginViewController.m */; };
		09F74E9A172CA4C900DE249C /* FacebookSDKResources.bundle in Resources */ = {isa = PBXBuildFile; fileRef = 09F74E98172CA4C900DE249C /* FacebookSDKResources.bundle */; };
		09F74E9B172CA4C900DE249C /* FBUserSettingsViewResources.bundle in Resources */ = {isa = PBXBuildFile; fileRef = 09F74E99172CA4C900DE249C /* FBUserSettingsViewResources.bundle */; };
		09F74E9D172CA52A00DE249C /* Social.framework in Frameworks */ = {isa = PBXBuildFile; fileRef = 09F74E9C172CA52900DE249C /* Social.framework */; };
		09F74E9F172CA52F00DE249C /* AdSupport.framework in Frameworks */ = {isa = PBXBuildFile; fileRef = 09F74E9E172CA52F00DE249C /* AdSupport.framework */; };
		09F74EA1172CA56500DE249C /* Accounts.framework in Frameworks */ = {isa = PBXBuildFile; fileRef = 09F74EA0172CA56500DE249C /* Accounts.framework */; };
		09F74EA3172CA58D00DE249C /* libsqlite3.dylib in Frameworks */ = {isa = PBXBuildFile; fileRef = 09F74EA2172CA58D00DE249C /* libsqlite3.dylib */; };
		09F74EA7172CA84D00DE249C /* Security.framework in Frameworks */ = {isa = PBXBuildFile; fileRef = 09F74EA6172CA84D00DE249C /* Security.framework */; };
		09F74EA9172CB79200DE249C /* FacebookSDK.framework in Frameworks */ = {isa = PBXBuildFile; fileRef = 09F74EA8172CB79200DE249C /* FacebookSDK.framework */; };
		A379B506172CC2E5007CB106 /* UIImage+Extras.m in Sources */ = {isa = PBXBuildFile; fileRef = A379B505172CC2E5007CB106 /* UIImage+Extras.m */; };
		A379B508172CD219007CB106 /* libz.dylib in Frameworks */ = {isa = PBXBuildFile; fileRef = A379B507172CD219007CB106 /* libz.dylib */; };
		A379B50A172CD22C007CB106 /* AddressBook.framework in Frameworks */ = {isa = PBXBuildFile; fileRef = A379B509172CD22C007CB106 /* AddressBook.framework */; };
		A379B50C172CD245007CB106 /* EventKit.framework in Frameworks */ = {isa = PBXBuildFile; fileRef = A379B50B172CD245007CB106 /* EventKit.framework */; };
		A379B50E172CD25A007CB106 /* MessageUI.framework in Frameworks */ = {isa = PBXBuildFile; fileRef = A379B50D172CD25A007CB106 /* MessageUI.framework */; };
		A379B511172CD73B007CB106 /* IntentsViewController.mm in Sources */ = {isa = PBXBuildFile; fileRef = A379B510172CD73B007CB106 /* IntentsViewController.mm */; };
		A379B515172CD98F007CB106 /* libstdc++.dylib in Frameworks */ = {isa = PBXBuildFile; fileRef = A379B514172CD98F007CB106 /* libstdc++.dylib */; };
		A379B518172CE1AE007CB106 /* GlympseResourcesLite.bundle in Resources */ = {isa = PBXBuildFile; fileRef = A379B517172CE1AE007CB106 /* GlympseResourcesLite.bundle */; };
		A3B91DA3172C3C8C004ECC6D /* UIKit.framework in Frameworks */ = {isa = PBXBuildFile; fileRef = A3B91DA2172C3C8C004ECC6D /* UIKit.framework */; };
		A3B91DA5172C3C8C004ECC6D /* Foundation.framework in Frameworks */ = {isa = PBXBuildFile; fileRef = A3B91DA4172C3C8C004ECC6D /* Foundation.framework */; };
		A3B91DA7172C3C8C004ECC6D /* CoreGraphics.framework in Frameworks */ = {isa = PBXBuildFile; fileRef = A3B91DA6172C3C8C004ECC6D /* CoreGraphics.framework */; };
		A3B91DAD172C3C8C004ECC6D /* InfoPlist.strings in Resources */ = {isa = PBXBuildFile; fileRef = A3B91DAB172C3C8C004ECC6D /* InfoPlist.strings */; };
		A3B91DAF172C3C8C004ECC6D /* main.m in Sources */ = {isa = PBXBuildFile; fileRef = A3B91DAE172C3C8C004ECC6D /* main.m */; };
		A3B91DB3172C3C8C004ECC6D /* AppDelegate.mm in Sources */ = {isa = PBXBuildFile; fileRef = A3B91DB2172C3C8C004ECC6D /* AppDelegate.mm */; };
		A3B91DB5172C3C8C004ECC6D /* Default.png in Resources */ = {isa = PBXBuildFile; fileRef = A3B91DB4172C3C8C004ECC6D /* Default.png */; };
		A3B91DB7172C3C8C004ECC6D /* Default@2x.png in Resources */ = {isa = PBXBuildFile; fileRef = A3B91DB6172C3C8C004ECC6D /* Default@2x.png */; };
		A3B91DB9172C3C8C004ECC6D /* Default-568h@2x.png in Resources */ = {isa = PBXBuildFile; fileRef = A3B91DB8172C3C8C004ECC6D /* Default-568h@2x.png */; };
		A3B91DD5172C50EF004ECC6D /* AFHTTPClient.m in Sources */ = {isa = PBXBuildFile; fileRef = A3B91DC3172C50EF004ECC6D /* AFHTTPClient.m */; };
		A3B91DD6172C50EF004ECC6D /* AFHTTPRequestOperation.m in Sources */ = {isa = PBXBuildFile; fileRef = A3B91DC5172C50EF004ECC6D /* AFHTTPRequestOperation.m */; };
		A3B91DD7172C50EF004ECC6D /* AFImageRequestOperation.m in Sources */ = {isa = PBXBuildFile; fileRef = A3B91DC7172C50EF004ECC6D /* AFImageRequestOperation.m */; };
		A3B91DD8172C50EF004ECC6D /* AFJSONRequestOperation.m in Sources */ = {isa = PBXBuildFile; fileRef = A3B91DC9172C50EF004ECC6D /* AFJSONRequestOperation.m */; };
		A3B91DD9172C50EF004ECC6D /* AFNetworkActivityIndicatorManager.m in Sources */ = {isa = PBXBuildFile; fileRef = A3B91DCB172C50EF004ECC6D /* AFNetworkActivityIndicatorManager.m */; };
		A3B91DDA172C50EF004ECC6D /* AFPropertyListRequestOperation.m in Sources */ = {isa = PBXBuildFile; fileRef = A3B91DCE172C50EF004ECC6D /* AFPropertyListRequestOperation.m */; };
		A3B91DDB172C50EF004ECC6D /* AFURLConnectionOperation.m in Sources */ = {isa = PBXBuildFile; fileRef = A3B91DD0172C50EF004ECC6D /* AFURLConnectionOperation.m */; };
		A3B91DDC172C50EF004ECC6D /* AFXMLRequestOperation.m in Sources */ = {isa = PBXBuildFile; fileRef = A3B91DD2172C50EF004ECC6D /* AFXMLRequestOperation.m */; };
		A3B91DDD172C50EF004ECC6D /* UIImageView+AFNetworking.m in Sources */ = {isa = PBXBuildFile; fileRef = A3B91DD4172C50EF004ECC6D /* UIImageView+AFNetworking.m */; };
		A3B91DE0172C5175004ECC6D /* R3APIClient.m in Sources */ = {isa = PBXBuildFile; fileRef = A3B91DDF172C5175004ECC6D /* R3APIClient.m */; };
		A3B91DE7172C7202004ECC6D /* Default-568h@2x.png in Resources */ = {isa = PBXBuildFile; fileRef = A3B91DE6172C7202004ECC6D /* Default-568h@2x.png */; };
/* End PBXBuildFile section */

/* Begin PBXFileReference section */
		09006B60172CC8FF00868B29 /* GlympseKitLite.framework */ = {isa = PBXFileReference; lastKnownFileType = wrapper.framework; path = GlympseKitLite.framework; sourceTree = "<group>"; };
		0971E9A7172C5B5B000F1672 /* MapKit.framework */ = {isa = PBXFileReference; lastKnownFileType = wrapper.framework; name = MapKit.framework; path = System/Library/Frameworks/MapKit.framework; sourceTree = SDKROOT; };
		0971E9A9172C6107000F1672 /* ListingsViewController.h */ = {isa = PBXFileReference; fileEncoding = 4; lastKnownFileType = sourcecode.c.h; name = ListingsViewController.h; path = Listing/ListingsViewController.h; sourceTree = "<group>"; };
		0971E9AA172C6107000F1672 /* ListingsViewController.m */ = {isa = PBXFileReference; fileEncoding = 4; lastKnownFileType = sourcecode.c.objc; name = ListingsViewController.m; path = Listing/ListingsViewController.m; sourceTree = "<group>"; };
		0971E9AC172C6F3D000F1672 /* CoreLocation.framework */ = {isa = PBXFileReference; lastKnownFileType = wrapper.framework; name = CoreLocation.framework; path = System/Library/Frameworks/CoreLocation.framework; sourceTree = SDKROOT; };
		0971E9AF172C7299000F1672 /* JPSThumbnail.h */ = {isa = PBXFileReference; fileEncoding = 4; lastKnownFileType = sourcecode.c.h; path = JPSThumbnail.h; sourceTree = "<group>"; };
		0971E9B0172C7299000F1672 /* JPSThumbnailAnnotation.h */ = {isa = PBXFileReference; fileEncoding = 4; lastKnownFileType = sourcecode.c.h; path = JPSThumbnailAnnotation.h; sourceTree = "<group>"; };
		0971E9B1172C7299000F1672 /* JPSThumbnailAnnotation.m */ = {isa = PBXFileReference; fileEncoding = 4; lastKnownFileType = sourcecode.c.objc; path = JPSThumbnailAnnotation.m; sourceTree = "<group>"; };
		0971E9B2172C7299000F1672 /* JPSThumbnailAnnotationView.h */ = {isa = PBXFileReference; fileEncoding = 4; lastKnownFileType = sourcecode.c.h; path = JPSThumbnailAnnotationView.h; sourceTree = "<group>"; };
		0971E9B3172C7299000F1672 /* JPSThumbnailAnnotationView.m */ = {isa = PBXFileReference; fileEncoding = 4; lastKnownFileType = sourcecode.c.objc; path = JPSThumbnailAnnotationView.m; sourceTree = "<group>"; };
		0971E9B4172C7299000F1672 /* JPSThumnail.m */ = {isa = PBXFileReference; fileEncoding = 4; lastKnownFileType = sourcecode.c.objc; path = JPSThumnail.m; sourceTree = "<group>"; };
		0984A6AE172C4D68007DE898 /* Storyboard.storyboard */ = {isa = PBXFileReference; fileEncoding = 4; lastKnownFileType = file.storyboard; path = Storyboard.storyboard; sourceTree = "<group>"; };
		0984A6B0172C4DE9007DE898 /* CameraViewController.h */ = {isa = PBXFileReference; fileEncoding = 4; lastKnownFileType = sourcecode.c.h; name = CameraViewController.h; path = Post/CameraViewController.h; sourceTree = "<group>"; };
		0984A6B1172C4DE9007DE898 /* CameraViewController.m */ = {isa = PBXFileReference; fileEncoding = 4; lastKnownFileType = sourcecode.c.objc; name = CameraViewController.m; path = Post/CameraViewController.m; sourceTree = "<group>"; };
		0984A6B3172C4F63007DE898 /* CameraHelper.h */ = {isa = PBXFileReference; lastKnownFileType = sourcecode.c.h; name = CameraHelper.h; path = Post/CameraHelper.h; sourceTree = "<group>"; };
		0984A6B4172C4F63007DE898 /* CameraHelper.m */ = {isa = PBXFileReference; lastKnownFileType = sourcecode.c.objc; name = CameraHelper.m; path = Post/CameraHelper.m; sourceTree = "<group>"; };
		0984A6B5172C4FB9007DE898 /* AVFoundation.framework */ = {isa = PBXFileReference; lastKnownFileType = wrapper.framework; name = AVFoundation.framework; path = System/Library/Frameworks/AVFoundation.framework; sourceTree = SDKROOT; };
		0984A6B7172C4FCF007DE898 /* CoreMedia.framework */ = {isa = PBXFileReference; lastKnownFileType = wrapper.framework; name = CoreMedia.framework; path = System/Library/Frameworks/CoreMedia.framework; sourceTree = SDKROOT; };
		0984A6B9172C4FD8007DE898 /* ImageIO.framework */ = {isa = PBXFileReference; lastKnownFileType = wrapper.framework; name = ImageIO.framework; path = System/Library/Frameworks/ImageIO.framework; sourceTree = SDKROOT; };
		0984A6BB172C4FE6007DE898 /* CFNetwork.framework */ = {isa = PBXFileReference; lastKnownFileType = wrapper.framework; name = CFNetwork.framework; path = System/Library/Frameworks/CFNetwork.framework; sourceTree = SDKROOT; };
		0984A6BD172C5005007DE898 /* AssetsLibrary.framework */ = {isa = PBXFileReference; lastKnownFileType = wrapper.framework; name = AssetsLibrary.framework; path = System/Library/Frameworks/AssetsLibrary.framework; sourceTree = SDKROOT; };
		0984A6BF172C5010007DE898 /* QuartzCore.framework */ = {isa = PBXFileReference; lastKnownFileType = wrapper.framework; name = QuartzCore.framework; path = System/Library/Frameworks/QuartzCore.framework; sourceTree = SDKROOT; };
		09F74E8D172C809C00DE249C /* ListingDetailsViewController.h */ = {isa = PBXFileReference; fileEncoding = 4; lastKnownFileType = sourcecode.c.h; name = ListingDetailsViewController.h; path = Post/ListingDetailsViewController.h; sourceTree = "<group>"; };
		09F74E8E172C809C00DE249C /* ListingDetailsViewController.m */ = {isa = PBXFileReference; fileEncoding = 4; lastKnownFileType = sourcecode.c.objc; name = ListingDetailsViewController.m; path = Post/ListingDetailsViewController.m; sourceTree = "<group>"; };
		09F74E91172C89E600DE249C /* Cuprum-Bold.ttf */ = {isa = PBXFileReference; lastKnownFileType = file; path = "Cuprum-Bold.ttf"; sourceTree = "<group>"; };
		09F74E92172C89E600DE249C /* Cuprum-Regular.ttf */ = {isa = PBXFileReference; lastKnownFileType = file; path = "Cuprum-Regular.ttf"; sourceTree = "<group>"; };
		09F74E95172CA02600DE249C /* LoginViewController.h */ = {isa = PBXFileReference; fileEncoding = 4; lastKnownFileType = sourcecode.c.h; path = LoginViewController.h; sourceTree = "<group>"; };
		09F74E96172CA02600DE249C /* LoginViewController.m */ = {isa = PBXFileReference; fileEncoding = 4; lastKnownFileType = sourcecode.c.objc; path = LoginViewController.m; sourceTree = "<group>"; };
		09F74E98172CA4C900DE249C /* FacebookSDKResources.bundle */ = {isa = PBXFileReference; lastKnownFileType = "wrapper.plug-in"; path = FacebookSDKResources.bundle; sourceTree = "<group>"; };
		09F74E99172CA4C900DE249C /* FBUserSettingsViewResources.bundle */ = {isa = PBXFileReference; lastKnownFileType = "wrapper.plug-in"; path = FBUserSettingsViewResources.bundle; sourceTree = "<group>"; };
		09F74E9C172CA52900DE249C /* Social.framework */ = {isa = PBXFileReference; lastKnownFileType = wrapper.framework; name = Social.framework; path = System/Library/Frameworks/Social.framework; sourceTree = SDKROOT; };
		09F74E9E172CA52F00DE249C /* AdSupport.framework */ = {isa = PBXFileReference; lastKnownFileType = wrapper.framework; name = AdSupport.framework; path = System/Library/Frameworks/AdSupport.framework; sourceTree = SDKROOT; };
		09F74EA0172CA56500DE249C /* Accounts.framework */ = {isa = PBXFileReference; lastKnownFileType = wrapper.framework; name = Accounts.framework; path = System/Library/Frameworks/Accounts.framework; sourceTree = SDKROOT; };
		09F74EA2172CA58D00DE249C /* libsqlite3.dylib */ = {isa = PBXFileReference; lastKnownFileType = "compiled.mach-o.dylib"; name = libsqlite3.dylib; path = usr/lib/libsqlite3.dylib; sourceTree = SDKROOT; };
		09F74EA6172CA84D00DE249C /* Security.framework */ = {isa = PBXFileReference; lastKnownFileType = wrapper.framework; name = Security.framework; path = System/Library/Frameworks/Security.framework; sourceTree = SDKROOT; };
		09F74EA8172CB79200DE249C /* FacebookSDK.framework */ = {isa = PBXFileReference; lastKnownFileType = wrapper.framework; name = FacebookSDK.framework; path = vendor/FacebookSDK.framework; sourceTree = "<group>"; };
		A379B504172CC2E5007CB106 /* UIImage+Extras.h */ = {isa = PBXFileReference; fileEncoding = 4; lastKnownFileType = sourcecode.c.h; path = "UIImage+Extras.h"; sourceTree = "<group>"; };
		A379B505172CC2E5007CB106 /* UIImage+Extras.m */ = {isa = PBXFileReference; fileEncoding = 4; lastKnownFileType = sourcecode.c.objc; path = "UIImage+Extras.m"; sourceTree = "<group>"; };
		A379B507172CD219007CB106 /* libz.dylib */ = {isa = PBXFileReference; lastKnownFileType = "compiled.mach-o.dylib"; name = libz.dylib; path = usr/lib/libz.dylib; sourceTree = SDKROOT; };
		A379B509172CD22C007CB106 /* AddressBook.framework */ = {isa = PBXFileReference; lastKnownFileType = wrapper.framework; name = AddressBook.framework; path = System/Library/Frameworks/AddressBook.framework; sourceTree = SDKROOT; };
		A379B50B172CD245007CB106 /* EventKit.framework */ = {isa = PBXFileReference; lastKnownFileType = wrapper.framework; name = EventKit.framework; path = System/Library/Frameworks/EventKit.framework; sourceTree = SDKROOT; };
		A379B50D172CD25A007CB106 /* MessageUI.framework */ = {isa = PBXFileReference; lastKnownFileType = wrapper.framework; name = MessageUI.framework; path = System/Library/Frameworks/MessageUI.framework; sourceTree = SDKROOT; };
		A379B50F172CD73B007CB106 /* IntentsViewController.h */ = {isa = PBXFileReference; fileEncoding = 4; lastKnownFileType = sourcecode.c.h; path = IntentsViewController.h; sourceTree = "<group>"; };
		A379B510172CD73B007CB106 /* IntentsViewController.mm */ = {isa = PBXFileReference; fileEncoding = 4; lastKnownFileType = sourcecode.cpp.objcpp; path = IntentsViewController.mm; sourceTree = "<group>"; };
		A379B512172CD96B007CB106 /* libc++.dylib */ = {isa = PBXFileReference; lastKnownFileType = "compiled.mach-o.dylib"; name = "libc++.dylib"; path = "usr/lib/libc++.dylib"; sourceTree = SDKROOT; };
		A379B514172CD98F007CB106 /* libstdc++.dylib */ = {isa = PBXFileReference; lastKnownFileType = "compiled.mach-o.dylib"; name = "libstdc++.dylib"; path = "usr/lib/libstdc++.dylib"; sourceTree = SDKROOT; };
		A379B517172CE1AE007CB106 /* GlympseResourcesLite.bundle */ = {isa = PBXFileReference; lastKnownFileType = "wrapper.plug-in"; path = GlympseResourcesLite.bundle; sourceTree = "<group>"; };
		A3B91D9F172C3C8C004ECC6D /* Disrupt13.app */ = {isa = PBXFileReference; explicitFileType = wrapper.application; includeInIndex = 0; path = Disrupt13.app; sourceTree = BUILT_PRODUCTS_DIR; };
		A3B91DA2172C3C8C004ECC6D /* UIKit.framework */ = {isa = PBXFileReference; lastKnownFileType = wrapper.framework; name = UIKit.framework; path = System/Library/Frameworks/UIKit.framework; sourceTree = SDKROOT; };
		A3B91DA4172C3C8C004ECC6D /* Foundation.framework */ = {isa = PBXFileReference; lastKnownFileType = wrapper.framework; name = Foundation.framework; path = System/Library/Frameworks/Foundation.framework; sourceTree = SDKROOT; };
		A3B91DA6172C3C8C004ECC6D /* CoreGraphics.framework */ = {isa = PBXFileReference; lastKnownFileType = wrapper.framework; name = CoreGraphics.framework; path = System/Library/Frameworks/CoreGraphics.framework; sourceTree = SDKROOT; };
		A3B91DAA172C3C8C004ECC6D /* Disrupt13-Info.plist */ = {isa = PBXFileReference; lastKnownFileType = text.plist.xml; path = "Disrupt13-Info.plist"; sourceTree = "<group>"; };
		A3B91DAC172C3C8C004ECC6D /* en */ = {isa = PBXFileReference; lastKnownFileType = text.plist.strings; name = en; path = en.lproj/InfoPlist.strings; sourceTree = "<group>"; };
		A3B91DAE172C3C8C004ECC6D /* main.m */ = {isa = PBXFileReference; lastKnownFileType = sourcecode.c.objc; path = main.m; sourceTree = "<group>"; };
		A3B91DB0172C3C8C004ECC6D /* Disrupt13-Prefix.pch */ = {isa = PBXFileReference; lastKnownFileType = sourcecode.c.h; path = "Disrupt13-Prefix.pch"; sourceTree = "<group>"; };
		A3B91DB1172C3C8C004ECC6D /* AppDelegate.h */ = {isa = PBXFileReference; lastKnownFileType = sourcecode.c.h; path = AppDelegate.h; sourceTree = "<group>"; };
		A3B91DB2172C3C8C004ECC6D /* AppDelegate.mm */ = {isa = PBXFileReference; lastKnownFileType = sourcecode.cpp.objcpp; path = AppDelegate.mm; sourceTree = "<group>"; };
		A3B91DB4172C3C8C004ECC6D /* Default.png */ = {isa = PBXFileReference; lastKnownFileType = image.png; path = Default.png; sourceTree = "<group>"; };
		A3B91DB6172C3C8C004ECC6D /* Default@2x.png */ = {isa = PBXFileReference; lastKnownFileType = image.png; path = "Default@2x.png"; sourceTree = "<group>"; };
		A3B91DB8172C3C8C004ECC6D /* Default-568h@2x.png */ = {isa = PBXFileReference; lastKnownFileType = image.png; path = "Default-568h@2x.png"; sourceTree = "<group>"; };
		A3B91DC2172C50EF004ECC6D /* AFHTTPClient.h */ = {isa = PBXFileReference; fileEncoding = 4; lastKnownFileType = sourcecode.c.h; path = AFHTTPClient.h; sourceTree = "<group>"; };
		A3B91DC3172C50EF004ECC6D /* AFHTTPClient.m */ = {isa = PBXFileReference; fileEncoding = 4; lastKnownFileType = sourcecode.c.objc; path = AFHTTPClient.m; sourceTree = "<group>"; };
		A3B91DC4172C50EF004ECC6D /* AFHTTPRequestOperation.h */ = {isa = PBXFileReference; fileEncoding = 4; lastKnownFileType = sourcecode.c.h; path = AFHTTPRequestOperation.h; sourceTree = "<group>"; };
		A3B91DC5172C50EF004ECC6D /* AFHTTPRequestOperation.m */ = {isa = PBXFileReference; fileEncoding = 4; lastKnownFileType = sourcecode.c.objc; path = AFHTTPRequestOperation.m; sourceTree = "<group>"; };
		A3B91DC6172C50EF004ECC6D /* AFImageRequestOperation.h */ = {isa = PBXFileReference; fileEncoding = 4; lastKnownFileType = sourcecode.c.h; path = AFImageRequestOperation.h; sourceTree = "<group>"; };
		A3B91DC7172C50EF004ECC6D /* AFImageRequestOperation.m */ = {isa = PBXFileReference; fileEncoding = 4; lastKnownFileType = sourcecode.c.objc; path = AFImageRequestOperation.m; sourceTree = "<group>"; };
		A3B91DC8172C50EF004ECC6D /* AFJSONRequestOperation.h */ = {isa = PBXFileReference; fileEncoding = 4; lastKnownFileType = sourcecode.c.h; path = AFJSONRequestOperation.h; sourceTree = "<group>"; };
		A3B91DC9172C50EF004ECC6D /* AFJSONRequestOperation.m */ = {isa = PBXFileReference; fileEncoding = 4; lastKnownFileType = sourcecode.c.objc; path = AFJSONRequestOperation.m; sourceTree = "<group>"; };
		A3B91DCA172C50EF004ECC6D /* AFNetworkActivityIndicatorManager.h */ = {isa = PBXFileReference; fileEncoding = 4; lastKnownFileType = sourcecode.c.h; path = AFNetworkActivityIndicatorManager.h; sourceTree = "<group>"; };
		A3B91DCB172C50EF004ECC6D /* AFNetworkActivityIndicatorManager.m */ = {isa = PBXFileReference; fileEncoding = 4; lastKnownFileType = sourcecode.c.objc; path = AFNetworkActivityIndicatorManager.m; sourceTree = "<group>"; };
		A3B91DCC172C50EF004ECC6D /* AFNetworking.h */ = {isa = PBXFileReference; fileEncoding = 4; lastKnownFileType = sourcecode.c.h; path = AFNetworking.h; sourceTree = "<group>"; };
		A3B91DCD172C50EF004ECC6D /* AFPropertyListRequestOperation.h */ = {isa = PBXFileReference; fileEncoding = 4; lastKnownFileType = sourcecode.c.h; path = AFPropertyListRequestOperation.h; sourceTree = "<group>"; };
		A3B91DCE172C50EF004ECC6D /* AFPropertyListRequestOperation.m */ = {isa = PBXFileReference; fileEncoding = 4; lastKnownFileType = sourcecode.c.objc; path = AFPropertyListRequestOperation.m; sourceTree = "<group>"; };
		A3B91DCF172C50EF004ECC6D /* AFURLConnectionOperation.h */ = {isa = PBXFileReference; fileEncoding = 4; lastKnownFileType = sourcecode.c.h; path = AFURLConnectionOperation.h; sourceTree = "<group>"; };
		A3B91DD0172C50EF004ECC6D /* AFURLConnectionOperation.m */ = {isa = PBXFileReference; fileEncoding = 4; lastKnownFileType = sourcecode.c.objc; path = AFURLConnectionOperation.m; sourceTree = "<group>"; };
		A3B91DD1172C50EF004ECC6D /* AFXMLRequestOperation.h */ = {isa = PBXFileReference; fileEncoding = 4; lastKnownFileType = sourcecode.c.h; path = AFXMLRequestOperation.h; sourceTree = "<group>"; };
		A3B91DD2172C50EF004ECC6D /* AFXMLRequestOperation.m */ = {isa = PBXFileReference; fileEncoding = 4; lastKnownFileType = sourcecode.c.objc; path = AFXMLRequestOperation.m; sourceTree = "<group>"; };
		A3B91DD3172C50EF004ECC6D /* UIImageView+AFNetworking.h */ = {isa = PBXFileReference; fileEncoding = 4; lastKnownFileType = sourcecode.c.h; path = "UIImageView+AFNetworking.h"; sourceTree = "<group>"; };
		A3B91DD4172C50EF004ECC6D /* UIImageView+AFNetworking.m */ = {isa = PBXFileReference; fileEncoding = 4; lastKnownFileType = sourcecode.c.objc; path = "UIImageView+AFNetworking.m"; sourceTree = "<group>"; };
		A3B91DDE172C5175004ECC6D /* R3APIClient.h */ = {isa = PBXFileReference; fileEncoding = 4; lastKnownFileType = sourcecode.c.h; name = R3APIClient.h; path = Remote/R3APIClient.h; sourceTree = "<group>"; };
		A3B91DDF172C5175004ECC6D /* R3APIClient.m */ = {isa = PBXFileReference; fileEncoding = 4; lastKnownFileType = sourcecode.c.objc; name = R3APIClient.m; path = Remote/R3APIClient.m; sourceTree = "<group>"; };
		A3B91DE6172C7202004ECC6D /* Default-568h@2x.png */ = {isa = PBXFileReference; lastKnownFileType = image.png; path = "Default-568h@2x.png"; sourceTree = "<group>"; };
/* End PBXFileReference section */

/* Begin PBXFrameworksBuildPhase section */
		A3B91D9C172C3C8C004ECC6D /* Frameworks */ = {
			isa = PBXFrameworksBuildPhase;
			buildActionMask = 2147483647;
			files = (
				A379B515172CD98F007CB106 /* libstdc++.dylib in Frameworks */,
				A379B50E172CD25A007CB106 /* MessageUI.framework in Frameworks */,
				A379B50C172CD245007CB106 /* EventKit.framework in Frameworks */,
				A379B50A172CD22C007CB106 /* AddressBook.framework in Frameworks */,
				A379B508172CD219007CB106 /* libz.dylib in Frameworks */,
				09F74EA7172CA84D00DE249C /* Security.framework in Frameworks */,
				09F74EA3172CA58D00DE249C /* libsqlite3.dylib in Frameworks */,
				09F74EA1172CA56500DE249C /* Accounts.framework in Frameworks */,
				09F74E9F172CA52F00DE249C /* AdSupport.framework in Frameworks */,
				09F74E9D172CA52A00DE249C /* Social.framework in Frameworks */,
				0971E9AD172C6F3E000F1672 /* CoreLocation.framework in Frameworks */,
				0971E9A8172C5B5B000F1672 /* MapKit.framework in Frameworks */,
				0984A6C0172C5010007DE898 /* QuartzCore.framework in Frameworks */,
				0984A6BE172C5005007DE898 /* AssetsLibrary.framework in Frameworks */,
				0984A6BC172C4FE6007DE898 /* CFNetwork.framework in Frameworks */,
				0984A6BA172C4FD8007DE898 /* ImageIO.framework in Frameworks */,
				0984A6B8172C4FCF007DE898 /* CoreMedia.framework in Frameworks */,
				0984A6B6172C4FB9007DE898 /* AVFoundation.framework in Frameworks */,
				A3B91DA3172C3C8C004ECC6D /* UIKit.framework in Frameworks */,
				A3B91DA5172C3C8C004ECC6D /* Foundation.framework in Frameworks */,
				A3B91DA7172C3C8C004ECC6D /* CoreGraphics.framework in Frameworks */,
				09F74EA9172CB79200DE249C /* FacebookSDK.framework in Frameworks */,
				09006B63172CC8FF00868B29 /* GlympseKitLite.framework in Frameworks */,
			);
			runOnlyForDeploymentPostprocessing = 0;
		};
/* End PBXFrameworksBuildPhase section */

/* Begin PBXGroup section */
		09006B5F172CC8FF00868B29 /* GlympseKitLite.embeddedframework */ = {
			isa = PBXGroup;
			children = (
				09006B60172CC8FF00868B29 /* GlympseKitLite.framework */,
				09006B61172CC8FF00868B29 /* Resources */,
			);
			name = GlympseKitLite.embeddedframework;
			path = vendor/GlympseKitLite.embeddedframework;
			sourceTree = "<group>";
		};
		09006B61172CC8FF00868B29 /* Resources */ = {
			isa = PBXGroup;
			children = (
				A379B517172CE1AE007CB106 /* GlympseResourcesLite.bundle */,
			);
			path = Resources;
			sourceTree = "<group>";
		};
		0971E9AE172C7299000F1672 /* JPSThumbnailAnnotation */ = {
			isa = PBXGroup;
			children = (
				0971E9AF172C7299000F1672 /* JPSThumbnail.h */,
				0971E9B0172C7299000F1672 /* JPSThumbnailAnnotation.h */,
				0971E9B1172C7299000F1672 /* JPSThumbnailAnnotation.m */,
				0971E9B2172C7299000F1672 /* JPSThumbnailAnnotationView.h */,
				0971E9B3172C7299000F1672 /* JPSThumbnailAnnotationView.m */,
				0971E9B4172C7299000F1672 /* JPSThumnail.m */,
			);
			name = JPSThumbnailAnnotation;
			path = vendor/JPSThumbnailAnnotation;
			sourceTree = SOURCE_ROOT;
		};
		09F74E90172C89E600DE249C /* Fonts */ = {
			isa = PBXGroup;
			children = (
				09F74E91172C89E600DE249C /* Cuprum-Bold.ttf */,
				09F74E92172C89E600DE249C /* Cuprum-Regular.ttf */,
			);
			path = Fonts;
			sourceTree = "<group>";
		};
		A379B503172CC2E5007CB106 /* Helper */ = {
			isa = PBXGroup;
			children = (
				A379B504172CC2E5007CB106 /* UIImage+Extras.h */,
				A379B505172CC2E5007CB106 /* UIImage+Extras.m */,
			);
			name = Helper;
			path = Disrupt13/Helper;
			sourceTree = "<group>";
		};
		A3B91D96172C3C8C004ECC6D = {
			isa = PBXGroup;
			children = (
				A379B514172CD98F007CB106 /* libstdc++.dylib */,
				A379B512172CD96B007CB106 /* libc++.dylib */,
				A379B50D172CD25A007CB106 /* MessageUI.framework */,
				A379B50B172CD245007CB106 /* EventKit.framework */,
				A379B509172CD22C007CB106 /* AddressBook.framework */,
				A379B507172CD219007CB106 /* libz.dylib */,
				09F74EA6172CA84D00DE249C /* Security.framework */,
				09F74EA2172CA58D00DE249C /* libsqlite3.dylib */,
				09F74EA0172CA56500DE249C /* Accounts.framework */,
				09F74E9E172CA52F00DE249C /* AdSupport.framework */,
				09F74E9C172CA52900DE249C /* Social.framework */,
				0971E9AC172C6F3D000F1672 /* CoreLocation.framework */,
				0971E9A7172C5B5B000F1672 /* MapKit.framework */,
				0984A6BF172C5010007DE898 /* QuartzCore.framework */,
				0984A6BD172C5005007DE898 /* AssetsLibrary.framework */,
				0984A6BB172C4FE6007DE898 /* CFNetwork.framework */,
				0984A6B9172C4FD8007DE898 /* ImageIO.framework */,
				0984A6B7172C4FCF007DE898 /* CoreMedia.framework */,
				0984A6B5172C4FB9007DE898 /* AVFoundation.framework */,
				A3B91DA8172C3C8C004ECC6D /* Disrupt13 */,
				A3B91DA1172C3C8C004ECC6D /* Frameworks */,
				A3B91DA0172C3C8C004ECC6D /* Products */,
				A3B91DE1172C708C004ECC6D /* Assets */,
				A3B91DC0172C4FE5004ECC6D /* Vendor */,
				A379B503172CC2E5007CB106 /* Helper */,
			);
			sourceTree = "<group>";
		};
		A3B91DA0172C3C8C004ECC6D /* Products */ = {
			isa = PBXGroup;
			children = (
				A3B91D9F172C3C8C004ECC6D /* Disrupt13.app */,
			);
			name = Products;
			sourceTree = "<group>";
		};
		A3B91DA1172C3C8C004ECC6D /* Frameworks */ = {
			isa = PBXGroup;
			children = (
				09F74EA8172CB79200DE249C /* FacebookSDK.framework */,
				09F74E98172CA4C900DE249C /* FacebookSDKResources.bundle */,
				09F74E99172CA4C900DE249C /* FBUserSettingsViewResources.bundle */,
				A3B91DA2172C3C8C004ECC6D /* UIKit.framework */,
				A3B91DA4172C3C8C004ECC6D /* Foundation.framework */,
				A3B91DA6172C3C8C004ECC6D /* CoreGraphics.framework */,
			);
			name = Frameworks;
			sourceTree = "<group>";
		};
		A3B91DA8172C3C8C004ECC6D /* Disrupt13 */ = {
			isa = PBXGroup;
			children = (
				A3B91DBF172C4F69004ECC6D /* Remote */,
				A3B91DB1172C3C8C004ECC6D /* AppDelegate.h */,
				A3B91DB2172C3C8C004ECC6D /* AppDelegate.mm */,
				A3B91DA9172C3C8C004ECC6D /* Supporting Files */,
				0984A6AE172C4D68007DE898 /* Storyboard.storyboard */,
				0984A6B0172C4DE9007DE898 /* CameraViewController.h */,
				0984A6B1172C4DE9007DE898 /* CameraViewController.m */,
				0984A6B3172C4F63007DE898 /* CameraHelper.h */,
				0984A6B4172C4F63007DE898 /* CameraHelper.m */,
				0971E9A9172C6107000F1672 /* ListingsViewController.h */,
				0971E9AA172C6107000F1672 /* ListingsViewController.m */,
				09F74E8D172C809C00DE249C /* ListingDetailsViewController.h */,
				09F74E8E172C809C00DE249C /* ListingDetailsViewController.m */,
				09F74E95172CA02600DE249C /* LoginViewController.h */,
				09F74E96172CA02600DE249C /* LoginViewController.m */,
				A379B50F172CD73B007CB106 /* IntentsViewController.h */,
				A379B510172CD73B007CB106 /* IntentsViewController.mm */,
			);
			path = Disrupt13;
			sourceTree = "<group>";
		};
		A3B91DA9172C3C8C004ECC6D /* Supporting Files */ = {
			isa = PBXGroup;
			children = (
				A3B91DAA172C3C8C004ECC6D /* Disrupt13-Info.plist */,
				A3B91DAB172C3C8C004ECC6D /* InfoPlist.strings */,
				A3B91DAE172C3C8C004ECC6D /* main.m */,
				A3B91DB0172C3C8C004ECC6D /* Disrupt13-Prefix.pch */,
				A3B91DB4172C3C8C004ECC6D /* Default.png */,
				A3B91DB6172C3C8C004ECC6D /* Default@2x.png */,
				A3B91DB8172C3C8C004ECC6D /* Default-568h@2x.png */,
			);
			name = "Supporting Files";
			sourceTree = "<group>";
		};
		A3B91DBF172C4F69004ECC6D /* Remote */ = {
			isa = PBXGroup;
			children = (
				A3B91DDE172C5175004ECC6D /* R3APIClient.h */,
				A3B91DDF172C5175004ECC6D /* R3APIClient.m */,
			);
			name = Remote;
			sourceTree = "<group>";
		};
		A3B91DC0172C4FE5004ECC6D /* Vendor */ = {
			isa = PBXGroup;
			children = (
				09006B5F172CC8FF00868B29 /* GlympseKitLite.embeddedframework */,
				A3B91DC1172C50EF004ECC6D /* AFNetworking */,
				0971E9AE172C7299000F1672 /* JPSThumbnailAnnotation */,
			);
			name = Vendor;
			sourceTree = "<group>";
		};
		A3B91DC1172C50EF004ECC6D /* AFNetworking */ = {
			isa = PBXGroup;
			children = (
				A3B91DC2172C50EF004ECC6D /* AFHTTPClient.h */,
				A3B91DC3172C50EF004ECC6D /* AFHTTPClient.m */,
				A3B91DC4172C50EF004ECC6D /* AFHTTPRequestOperation.h */,
				A3B91DC5172C50EF004ECC6D /* AFHTTPRequestOperation.m */,
				A3B91DC6172C50EF004ECC6D /* AFImageRequestOperation.h */,
				A3B91DC7172C50EF004ECC6D /* AFImageRequestOperation.m */,
				A3B91DC8172C50EF004ECC6D /* AFJSONRequestOperation.h */,
				A3B91DC9172C50EF004ECC6D /* AFJSONRequestOperation.m */,
				A3B91DCA172C50EF004ECC6D /* AFNetworkActivityIndicatorManager.h */,
				A3B91DCB172C50EF004ECC6D /* AFNetworkActivityIndicatorManager.m */,
				A3B91DCC172C50EF004ECC6D /* AFNetworking.h */,
				A3B91DCD172C50EF004ECC6D /* AFPropertyListRequestOperation.h */,
				A3B91DCE172C50EF004ECC6D /* AFPropertyListRequestOperation.m */,
				A3B91DCF172C50EF004ECC6D /* AFURLConnectionOperation.h */,
				A3B91DD0172C50EF004ECC6D /* AFURLConnectionOperation.m */,
				A3B91DD1172C50EF004ECC6D /* AFXMLRequestOperation.h */,
				A3B91DD2172C50EF004ECC6D /* AFXMLRequestOperation.m */,
				A3B91DD3172C50EF004ECC6D /* UIImageView+AFNetworking.h */,
				A3B91DD4172C50EF004ECC6D /* UIImageView+AFNetworking.m */,
			);
			name = AFNetworking;
			path = vendor/AFNetworking/AFNetworking;
			sourceTree = "<group>";
		};
		A3B91DE1172C708C004ECC6D /* Assets */ = {
			isa = PBXGroup;
			children = (
				A3B91DE6172C7202004ECC6D /* Default-568h@2x.png */,
				09F74E90172C89E600DE249C /* Fonts */,
			);
			path = Assets;
			sourceTree = "<group>";
		};
/* End PBXGroup section */

/* Begin PBXNativeTarget section */
		A3B91D9E172C3C8C004ECC6D /* Disrupt13 */ = {
			isa = PBXNativeTarget;
			buildConfigurationList = A3B91DBC172C3C8C004ECC6D /* Build configuration list for PBXNativeTarget "Disrupt13" */;
			buildPhases = (
				A3B91D9B172C3C8C004ECC6D /* Sources */,
				A3B91D9C172C3C8C004ECC6D /* Frameworks */,
				A3B91D9D172C3C8C004ECC6D /* Resources */,
			);
			buildRules = (
			);
			dependencies = (
			);
			name = Disrupt13;
			productName = Disrupt13;
			productReference = A3B91D9F172C3C8C004ECC6D /* Disrupt13.app */;
			productType = "com.apple.product-type.application";
		};
/* End PBXNativeTarget section */

/* Begin PBXProject section */
		A3B91D97172C3C8C004ECC6D /* Project object */ = {
			isa = PBXProject;
			attributes = {
				LastUpgradeCheck = 0460;
				ORGANIZATIONNAME = "TC Disrupt 2013";
			};
			buildConfigurationList = A3B91D9A172C3C8C004ECC6D /* Build configuration list for PBXProject "Disrupt13" */;
			compatibilityVersion = "Xcode 3.2";
			developmentRegion = English;
			hasScannedForEncodings = 0;
			knownRegions = (
				en,
			);
			mainGroup = A3B91D96172C3C8C004ECC6D;
			productRefGroup = A3B91DA0172C3C8C004ECC6D /* Products */;
			projectDirPath = "";
			projectRoot = "";
			targets = (
				A3B91D9E172C3C8C004ECC6D /* Disrupt13 */,
			);
		};
/* End PBXProject section */

/* Begin PBXResourcesBuildPhase section */
		A3B91D9D172C3C8C004ECC6D /* Resources */ = {
			isa = PBXResourcesBuildPhase;
			buildActionMask = 2147483647;
			files = (
				A3B91DAD172C3C8C004ECC6D /* InfoPlist.strings in Resources */,
				A3B91DB5172C3C8C004ECC6D /* Default.png in Resources */,
				A3B91DB7172C3C8C004ECC6D /* Default@2x.png in Resources */,
				A3B91DB9172C3C8C004ECC6D /* Default-568h@2x.png in Resources */,
				0984A6AF172C4D68007DE898 /* Storyboard.storyboard in Resources */,
				A3B91DE7172C7202004ECC6D /* Default-568h@2x.png in Resources */,
				09F74E93172C89E600DE249C /* Cuprum-Bold.ttf in Resources */,
				09F74E94172C89E600DE249C /* Cuprum-Regular.ttf in Resources */,
				09F74E9A172CA4C900DE249C /* FacebookSDKResources.bundle in Resources */,
				09F74E9B172CA4C900DE249C /* FBUserSettingsViewResources.bundle in Resources */,
				A379B518172CE1AE007CB106 /* GlympseResourcesLite.bundle in Resources */,
			);
			runOnlyForDeploymentPostprocessing = 0;
		};
/* End PBXResourcesBuildPhase section */

/* Begin PBXSourcesBuildPhase section */
		A3B91D9B172C3C8C004ECC6D /* Sources */ = {
			isa = PBXSourcesBuildPhase;
			buildActionMask = 2147483647;
			files = (
				A3B91DAF172C3C8C004ECC6D /* main.m in Sources */,
				A3B91DB3172C3C8C004ECC6D /* AppDelegate.mm in Sources */,
				A3B91DD5172C50EF004ECC6D /* AFHTTPClient.m in Sources */,
				A3B91DD6172C50EF004ECC6D /* AFHTTPRequestOperation.m in Sources */,
				A3B91DD7172C50EF004ECC6D /* AFImageRequestOperation.m in Sources */,
				A3B91DD8172C50EF004ECC6D /* AFJSONRequestOperation.m in Sources */,
				A3B91DD9172C50EF004ECC6D /* AFNetworkActivityIndicatorManager.m in Sources */,
				A3B91DDA172C50EF004ECC6D /* AFPropertyListRequestOperation.m in Sources */,
				A3B91DDB172C50EF004ECC6D /* AFURLConnectionOperation.m in Sources */,
				A3B91DDC172C50EF004ECC6D /* AFXMLRequestOperation.m in Sources */,
				A3B91DDD172C50EF004ECC6D /* UIImageView+AFNetworking.m in Sources */,
				A3B91DE0172C5175004ECC6D /* R3APIClient.m in Sources */,
				0984A6B2172C4DE9007DE898 /* CameraViewController.m in Sources */,
				0971E9AB172C6107000F1672 /* ListingsViewController.m in Sources */,
				0971E9B5172C7299000F1672 /* JPSThumbnailAnnotation.m in Sources */,
				0971E9B6172C7299000F1672 /* JPSThumbnailAnnotationView.m in Sources */,
				0971E9B7172C7299000F1672 /* JPSThumnail.m in Sources */,
				09F74E8F172C809C00DE249C /* ListingDetailsViewController.m in Sources */,
				09F74E97172CA02600DE249C /* LoginViewController.m in Sources */,
				A379B506172CC2E5007CB106 /* UIImage+Extras.m in Sources */,
				A379B511172CD73B007CB106 /* IntentsViewController.mm in Sources */,
			);
			runOnlyForDeploymentPostprocessing = 0;
		};
/* End PBXSourcesBuildPhase section */

/* Begin PBXVariantGroup section */
		A3B91DAB172C3C8C004ECC6D /* InfoPlist.strings */ = {
			isa = PBXVariantGroup;
			children = (
				A3B91DAC172C3C8C004ECC6D /* en */,
			);
			name = InfoPlist.strings;
			sourceTree = "<group>";
		};
/* End PBXVariantGroup section */

/* Begin XCBuildConfiguration section */
		A3B91DBA172C3C8C004ECC6D /* Debug */ = {
			isa = XCBuildConfiguration;
			buildSettings = {
				ALWAYS_SEARCH_USER_PATHS = NO;
				CLANG_CXX_LANGUAGE_STANDARD = "gnu++0x";
				CLANG_CXX_LIBRARY = "libstdc++";
				CLANG_ENABLE_OBJC_ARC = YES;
				CLANG_WARN_CONSTANT_CONVERSION = YES;
				CLANG_WARN_EMPTY_BODY = YES;
				CLANG_WARN_ENUM_CONVERSION = YES;
				CLANG_WARN_INT_CONVERSION = YES;
				CLANG_WARN__DUPLICATE_METHOD_MATCH = YES;
				"CODE_SIGN_IDENTITY[sdk=iphoneos*]" = "iPhone Developer";
				COPY_PHASE_STRIP = NO;
				GCC_C_LANGUAGE_STANDARD = gnu99;
				GCC_DYNAMIC_NO_PIC = NO;
				GCC_OPTIMIZATION_LEVEL = 0;
				GCC_PREPROCESSOR_DEFINITIONS = (
					"DEBUG=1",
					"$(inherited)",
				);
				GCC_SYMBOLS_PRIVATE_EXTERN = NO;
				GCC_WARN_ABOUT_RETURN_TYPE = YES;
				GCC_WARN_UNINITIALIZED_AUTOS = YES;
				GCC_WARN_UNUSED_VARIABLE = YES;
				IPHONEOS_DEPLOYMENT_TARGET = 6.1;
				ONLY_ACTIVE_ARCH = YES;
				OTHER_LDFLAGS = "-ObjC";
				SDKROOT = iphoneos;
				TARGETED_DEVICE_FAMILY = "1,2";
			};
			name = Debug;
		};
		A3B91DBB172C3C8C004ECC6D /* Release */ = {
			isa = XCBuildConfiguration;
			buildSettings = {
				ALWAYS_SEARCH_USER_PATHS = NO;
				CLANG_CXX_LANGUAGE_STANDARD = "gnu++0x";
				CLANG_CXX_LIBRARY = "libstdc++";
				CLANG_ENABLE_OBJC_ARC = YES;
				CLANG_WARN_CONSTANT_CONVERSION = YES;
				CLANG_WARN_EMPTY_BODY = YES;
				CLANG_WARN_ENUM_CONVERSION = YES;
				CLANG_WARN_INT_CONVERSION = YES;
				CLANG_WARN__DUPLICATE_METHOD_MATCH = YES;
				"CODE_SIGN_IDENTITY[sdk=iphoneos*]" = "iPhone Developer";
				COPY_PHASE_STRIP = YES;
				GCC_C_LANGUAGE_STANDARD = gnu99;
				GCC_WARN_ABOUT_RETURN_TYPE = YES;
				GCC_WARN_UNINITIALIZED_AUTOS = YES;
				GCC_WARN_UNUSED_VARIABLE = YES;
				IPHONEOS_DEPLOYMENT_TARGET = 6.1;
				OTHER_CFLAGS = "-DNS_BLOCK_ASSERTIONS=1";
				OTHER_LDFLAGS = "-ObjC";
				SDKROOT = iphoneos;
				TARGETED_DEVICE_FAMILY = "1,2";
				VALIDATE_PRODUCT = YES;
			};
			name = Release;
		};
		A3B91DBD172C3C8C004ECC6D /* Debug */ = {
			isa = XCBuildConfiguration;
			buildSettings = {
				FRAMEWORK_SEARCH_PATHS = (
					"$(inherited)",
					"\"$(SRCROOT)/../../../Documents/FacebookSDK\"",
					"\"$(SRCROOT)/vendor\"",
					"\"$(SRCROOT)/vendor/GlympseKitLite.embeddedframework\"",
				);
				GCC_PRECOMPILE_PREFIX_HEADER = YES;
				GCC_PREFIX_HEADER = "Disrupt13/Disrupt13-Prefix.pch";
				INFOPLIST_FILE = "Disrupt13/Disrupt13-Info.plist";
				PRODUCT_NAME = "$(TARGET_NAME)";
				TARGETED_DEVICE_FAMILY = 1;
				WRAPPER_EXTENSION = app;
			};
			name = Debug;
		};
		A3B91DBE172C3C8C004ECC6D /* Release */ = {
			isa = XCBuildConfiguration;
			buildSettings = {
				FRAMEWORK_SEARCH_PATHS = (
					"$(inherited)",
					"\"$(SRCROOT)/../../../Documents/FacebookSDK\"",
					"\"$(SRCROOT)/vendor\"",
					"\"$(SRCROOT)/vendor/GlympseKitLite.embeddedframework\"",
				);
				GCC_PRECOMPILE_PREFIX_HEADER = YES;
				GCC_PREFIX_HEADER = "Disrupt13/Disrupt13-Prefix.pch";
				INFOPLIST_FILE = "Disrupt13/Disrupt13-Info.plist";
				PRODUCT_NAME = "$(TARGET_NAME)";
				TARGETED_DEVICE_FAMILY = 1;
				WRAPPER_EXTENSION = app;
			};
			name = Release;
		};
/* End XCBuildConfiguration section */

/* Begin XCConfigurationList section */
		A3B91D9A172C3C8C004ECC6D /* Build configuration list for PBXProject "Disrupt13" */ = {
			isa = XCConfigurationList;
			buildConfigurations = (
				A3B91DBA172C3C8C004ECC6D /* Debug */,
				A3B91DBB172C3C8C004ECC6D /* Release */,
			);
			defaultConfigurationIsVisible = 0;
			defaultConfigurationName = Release;
		};
		A3B91DBC172C3C8C004ECC6D /* Build configuration list for PBXNativeTarget "Disrupt13" */ = {
			isa = XCConfigurationList;
			buildConfigurations = (
				A3B91DBD172C3C8C004ECC6D /* Debug */,
				A3B91DBE172C3C8C004ECC6D /* Release */,
			);
			defaultConfigurationIsVisible = 0;
			defaultConfigurationName = Release;
		};
/* End XCConfigurationList section */
	};
	rootObject = A3B91D97172C3C8C004ECC6D /* Project object */;
}
